
Microsoft Visual Studio Solution File, Format Version 12.00
# Visual Studio Version 17
VisualStudioVersion = 17.7.34031.279
MinimumVisualStudioVersion = 10.0.40219.1
Project("{9A19103F-16F7-4668-BE54-9A1E7A4F7556}") = "CarDictionary", "CarDictionary\CarDictionary.csproj", "{D9C7B74A-D239-425E-8775-7AAF8AE67B62}"
EndProject
Global
	GlobalSection(SolutionConfigurationPlatforms) = preSolution
		Debug|Any CPU = Debug|Any CPU
		Release|Any CPU = Release|Any CPU
	EndGlobalSection
	GlobalSection(ProjectConfigurationPlatforms) = postSolution
		{D9C7B74A-D239-425E-8775-7AAF8AE67B62}.Debug|Any CPU.ActiveCfg = Debug|Any CPU
		{D9C7B74A-D239-425E-8775-7AAF8AE67B62}.Debug|Any CPU.Build.0 = Debug|Any CPU
		{D9C7B74A-D239-425E-8775-7AAF8AE67B62}.Release|Any CPU.ActiveCfg = Release|Any CPU
		{D9C7B74A-D239-425E-8775-7AAF8AE67B62}.Release|Any CPU.Build.0 = Release|Any CPU
	EndGlobalSection
	GlobalSection(SolutionProperties) = preSolution
		HideSolutionNode = FALSE
	EndGlobalSection
	GlobalSection(ExtensibilityGlobals) = postSolution
		SolutionGuid = {3057ECA3-C4D7-4A4D-B8D7-36FE9E1440BB}
	EndGlobalSection
EndGlobal
